
Microsoft Visual Studio Solution File, Format Version 12.00
Project("{FAE04EC0-301F-11D3-BF4B-00C04F79EFBC}") = "BulkyWeb", "BulkyWeb\BulkyWeb.csproj", "{D741A364-3DB1-4CAF-9B59-D14803B93DB8}"
EndProject
Project("{FAE04EC0-301F-11D3-BF4B-00C04F79EFBC}") = "BulkyWebRazor", "BulkyWebRazor\BulkyWebRazor.csproj", "{D366EC5A-0F98-491E-A089-102512D0648F}"
EndProject
Global
	GlobalSection(SolutionConfigurationPlatforms) = preSolution
		Debug|Any CPU = Debug|Any CPU
		Release|Any CPU = Release|Any CPU
	EndGlobalSection
	GlobalSection(ProjectConfigurationPlatforms) = postSolution
		{D741A364-3DB1-4CAF-9B59-D14803B93DB8}.Debug|Any CPU.ActiveCfg = Debug|Any CPU
		{D741A364-3DB1-4CAF-9B59-D14803B93DB8}.Debug|Any CPU.Build.0 = Debug|Any CPU
		{D741A364-3DB1-4CAF-9B59-D14803B93DB8}.Release|Any CPU.ActiveCfg = Release|Any CPU
		{D741A364-3DB1-4CAF-9B59-D14803B93DB8}.Release|Any CPU.Build.0 = Release|Any CPU
		{D366EC5A-0F98-491E-A089-102512D0648F}.Debug|Any CPU.ActiveCfg = Debug|Any CPU
		{D366EC5A-0F98-491E-A089-102512D0648F}.Debug|Any CPU.Build.0 = Debug|Any CPU
		{D366EC5A-0F98-491E-A089-102512D0648F}.Release|Any CPU.ActiveCfg = Release|Any CPU
		{D366EC5A-0F98-491E-A089-102512D0648F}.Release|Any CPU.Build.0 = Release|Any CPU
	EndGlobalSection
EndGlobal
